
Microsoft Visual Studio Solution File, Format Version 12.00
# Visual Studio Version 17
VisualStudioVersion = 17.3.32922.545
MinimumVisualStudioVersion = 10.0.40219.1
Project("{9A19103F-16F7-4668-BE54-9A1E7A4F7556}") = "MISA.AMIS.KeToan.API", "MISA.AMIS.KeToan.API\MISA.AMIS.KeToan.API.csproj", "{2E132D6A-D737-4D28-B657-E5397C0FF268}"
EndProject
Project("{9A19103F-16F7-4668-BE54-9A1E7A4F7556}") = "MISA.AMIS.BL", "MISA.AMIS.BL\MISA.AMIS.BL.csproj", "{6F79D89C-33D5-485F-B061-5B62B92FFE6E}"
EndProject
Project("{9A19103F-16F7-4668-BE54-9A1E7A4F7556}") = "MISA.AMIS.DL", "MISA.AMIS.DL\MISA.AMIS.DL.csproj", "{BE4AD99A-8DBE-4F46-9B3E-C8CC465D7D77}"
EndProject
Project("{9A19103F-16F7-4668-BE54-9A1E7A4F7556}") = "MISA.AMIS.Common", "MISA.AMIS.Common\MISA.AMIS.Common.csproj", "{A89CBE85-9250-4306-99C2-B23B1D772308}"
EndProject
Project("{2150E333-8FDC-42A3-9474-1A3956D46DE8}") = "Solution Items", "Solution Items", "{739DFD43-5F73-4255-A750-460A38D39D66}"
	ProjectSection(SolutionItems) = preProject
		.editorconfig = .editorconfig
	EndProjectSection
EndProject
Global
	GlobalSection(SolutionConfigurationPlatforms) = preSolution
		Debug|Any CPU = Debug|Any CPU
		Release|Any CPU = Release|Any CPU
	EndGlobalSection
	GlobalSection(ProjectConfigurationPlatforms) = postSolution
		{2E132D6A-D737-4D28-B657-E5397C0FF268}.Debug|Any CPU.ActiveCfg = Debug|Any CPU
		{2E132D6A-D737-4D28-B657-E5397C0FF268}.Debug|Any CPU.Build.0 = Debug|Any CPU
		{2E132D6A-D737-4D28-B657-E5397C0FF268}.Release|Any CPU.ActiveCfg = Release|Any CPU
		{2E132D6A-D737-4D28-B657-E5397C0FF268}.Release|Any CPU.Build.0 = Release|Any CPU
		{6F79D89C-33D5-485F-B061-5B62B92FFE6E}.Debug|Any CPU.ActiveCfg = Debug|Any CPU
		{6F79D89C-33D5-485F-B061-5B62B92FFE6E}.Debug|Any CPU.Build.0 = Debug|Any CPU
		{6F79D89C-33D5-485F-B061-5B62B92FFE6E}.Release|Any CPU.ActiveCfg = Release|Any CPU
		{6F79D89C-33D5-485F-B061-5B62B92FFE6E}.Release|Any CPU.Build.0 = Release|Any CPU
		{BE4AD99A-8DBE-4F46-9B3E-C8CC465D7D77}.Debug|Any CPU.ActiveCfg = Debug|Any CPU
		{BE4AD99A-8DBE-4F46-9B3E-C8CC465D7D77}.Debug|Any CPU.Build.0 = Debug|Any CPU
		{BE4AD99A-8DBE-4F46-9B3E-C8CC465D7D77}.Release|Any CPU.ActiveCfg = Release|Any CPU
		{BE4AD99A-8DBE-4F46-9B3E-C8CC465D7D77}.Release|Any CPU.Build.0 = Release|Any CPU
		{A89CBE85-9250-4306-99C2-B23B1D772308}.Debug|Any CPU.ActiveCfg = Debug|Any CPU
		{A89CBE85-9250-4306-99C2-B23B1D772308}.Debug|Any CPU.Build.0 = Debug|Any CPU
		{A89CBE85-9250-4306-99C2-B23B1D772308}.Release|Any CPU.ActiveCfg = Release|Any CPU
		{A89CBE85-9250-4306-99C2-B23B1D772308}.Release|Any CPU.Build.0 = Release|Any CPU
	EndGlobalSection
	GlobalSection(SolutionProperties) = preSolution
		HideSolutionNode = FALSE
	EndGlobalSection
	GlobalSection(ExtensibilityGlobals) = postSolution
		SolutionGuid = {883A4A25-5EC3-42E5-83D5-A5E9E6B33DF6}
	EndGlobalSection
EndGlobal
